// !$*UTF8*$!
{
	archiveVersion = 1;
	classes = {
	};
	objectVersion = 51;
	objects = {

/* Begin PBXBuildFile section */
		4815E8A525A240F200567C42 /* PlayButton.swift in Sources */ = {isa = PBXBuildFile; fileRef = 4815E8A425A240F200567C42 /* PlayButton.swift */; };
		4815E8AE25A256B900567C42 /* AppBar.swift in Sources */ = {isa = PBXBuildFile; fileRef = 4815E8AD25A256B900567C42 /* AppBar.swift */; };
		482A69012572FFFA00EF2363 /* Netflix_CloneApp.swift in Sources */ = {isa = PBXBuildFile; fileRef = 482A69002572FFFA00EF2363 /* Netflix_CloneApp.swift */; };
		482A69032572FFFA00EF2363 /* ContentView.swift in Sources */ = {isa = PBXBuildFile; fileRef = 482A69022572FFFA00EF2363 /* ContentView.swift */; };
		482A69052572FFFB00EF2363 /* Assets.xcassets in Resources */ = {isa = PBXBuildFile; fileRef = 482A69042572FFFB00EF2363 /* Assets.xcassets */; };
		482A69082572FFFB00EF2363 /* Preview Assets.xcassets in Resources */ = {isa = PBXBuildFile; fileRef = 482A69072572FFFB00EF2363 /* Preview Assets.xcassets */; };
		482A691B257303E700EF2363 /* HomeView.swift in Sources */ = {isa = PBXBuildFile; fileRef = 482A69152573021500EF2363 /* HomeView.swift */; };
		482A69242573046800EF2363 /* Movie.swift in Sources */ = {isa = PBXBuildFile; fileRef = 482A69232573046800EF2363 /* Movie.swift */; };
		482A6927257304AE00EF2363 /* StandardHomeMovie.swift in Sources */ = {isa = PBXBuildFile; fileRef = 482A6926257304AE00EF2363 /* StandardHomeMovie.swift */; };
		482A692A2573050400EF2363 /* GlobalHelper.swift in Sources */ = {isa = PBXBuildFile; fileRef = 482A69292573050400EF2363 /* GlobalHelper.swift */; };
		482A69342573084800EF2363 /* HomeVM.swift in Sources */ = {isa = PBXBuildFile; fileRef = 482A69332573084800EF2363 /* HomeVM.swift */; };
		486710A4257AEC8C003B6231 /* SmallVerticalButton.swift in Sources */ = {isa = PBXBuildFile; fileRef = 486710A3257AEC8C003B6231 /* SmallVerticalButton.swift */; };
		486B7E482578486F00ABC58B /* TopMoviePreview.swift in Sources */ = {isa = PBXBuildFile; fileRef = 486B7E472578486F00ABC58B /* TopMoviePreview.swift */; };
		48C7C06726BD56FA0000A784 /* CustomTabSwitcher.swift in Sources */ = {isa = PBXBuildFile; fileRef = 48C7C06626BD56FA0000A784 /* CustomTabSwitcher.swift */; };
		48F6391126BD33C50063C500 /* MovieDetail.swift in Sources */ = {isa = PBXBuildFile; fileRef = 48F6391026BD33C50063C500 /* MovieDetail.swift */; };
		48F6391326BD3D0A0063C500 /* Episode.swift in Sources */ = {isa = PBXBuildFile; fileRef = 48F6391226BD3D0A0063C500 /* Episode.swift */; };
		BB27670086BB860311C63FD6 /* Pods_Netflix_Clone.framework in Frameworks */ = {isa = PBXBuildFile; fileRef = 4134D8669DC823AA1645B872 /* Pods_Netflix_Clone.framework */; };
/* End PBXBuildFile section */

/* Begin PBXFileReference section */
		114F2CBB399D9336FADD319B /* Pods-Netflix Clone.debug.xcconfig */ = {isa = PBXFileReference; includeInIndex = 1; lastKnownFileType = text.xcconfig; name = "Pods-Netflix Clone.debug.xcconfig"; path = "Target Support Files/Pods-Netflix Clone/Pods-Netflix Clone.debug.xcconfig"; sourceTree = "<group>"; };
		23FAA38BAA469766A736A2CB /* Pods-Netflix Clone.release.xcconfig */ = {isa = PBXFileReference; includeInIndex = 1; lastKnownFileType = text.xcconfig; name = "Pods-Netflix Clone.release.xcconfig"; path = "Target Support Files/Pods-Netflix Clone/Pods-Netflix Clone.release.xcconfig"; sourceTree = "<group>"; };
		4134D8669DC823AA1645B872 /* Pods_Netflix_Clone.framework */ = {isa = PBXFileReference; explicitFileType = wrapper.framework; includeInIndex = 0; path = Pods_Netflix_Clone.framework; sourceTree = BUILT_PRODUCTS_DIR; };
		4815E8A425A240F200567C42 /* PlayButton.swift */ = {isa = PBXFileReference; lastKnownFileType = sourcecode.swift; path = PlayButton.swift; sourceTree = "<group>"; };
		4815E8AD25A256B900567C42 /* AppBar.swift */ = {isa = PBXFileReference; lastKnownFileType = sourcecode.swift; path = AppBar.swift; sourceTree = "<group>"; };
		482A68FD2572FFFA00EF2363 /* Netflix Clone.app */ = {isa = PBXFileReference; explicitFileType = wrapper.application; includeInIndex = 0; path = "Netflix Clone.app"; sourceTree = BUILT_PRODUCTS_DIR; };
		482A69002572FFFA00EF2363 /* Netflix_CloneApp.swift */ = {isa = PBXFileReference; lastKnownFileType = sourcecode.swift; path = Netflix_CloneApp.swift; sourceTree = "<group>"; };
		482A69022572FFFA00EF2363 /* ContentView.swift */ = {isa = PBXFileReference; lastKnownFileType = sourcecode.swift; path = ContentView.swift; sourceTree = "<group>"; };
		482A69042572FFFB00EF2363 /* Assets.xcassets */ = {isa = PBXFileReference; lastKnownFileType = folder.assetcatalog; path = Assets.xcassets; sourceTree = "<group>"; };
		482A69072572FFFB00EF2363 /* Preview Assets.xcassets */ = {isa = PBXFileReference; lastKnownFileType = folder.assetcatalog; path = "Preview Assets.xcassets"; sourceTree = "<group>"; };
		482A69092572FFFB00EF2363 /* Info.plist */ = {isa = PBXFileReference; lastKnownFileType = text.plist.xml; path = Info.plist; sourceTree = "<group>"; };
		482A69152573021500EF2363 /* HomeView.swift */ = {isa = PBXFileReference; lastKnownFileType = sourcecode.swift; path = HomeView.swift; sourceTree = "<group>"; };
		482A69232573046800EF2363 /* Movie.swift */ = {isa = PBXFileReference; lastKnownFileType = sourcecode.swift; path = Movie.swift; sourceTree = "<group>"; };
		482A6926257304AE00EF2363 /* StandardHomeMovie.swift */ = {isa = PBXFileReference; lastKnownFileType = sourcecode.swift; path = StandardHomeMovie.swift; sourceTree = "<group>"; };
		482A69292573050400EF2363 /* GlobalHelper.swift */ = {isa = PBXFileReference; lastKnownFileType = sourcecode.swift; path = GlobalHelper.swift; sourceTree = "<group>"; };
		482A69332573084800EF2363 /* HomeVM.swift */ = {isa = PBXFileReference; lastKnownFileType = sourcecode.swift; path = HomeVM.swift; sourceTree = "<group>"; };
		486710A3257AEC8C003B6231 /* SmallVerticalButton.swift */ = {isa = PBXFileReference; lastKnownFileType = sourcecode.swift; path = SmallVerticalButton.swift; sourceTree = "<group>"; };
		486B7E472578486F00ABC58B /* TopMoviePreview.swift */ = {isa = PBXFileReference; lastKnownFileType = sourcecode.swift; path = TopMoviePreview.swift; sourceTree = "<group>"; };
		48C7C06626BD56FA0000A784 /* CustomTabSwitcher.swift */ = {isa = PBXFileReference; lastKnownFileType = sourcecode.swift; path = CustomTabSwitcher.swift; sourceTree = "<group>"; };
		48F6391026BD33C50063C500 /* MovieDetail.swift */ = {isa = PBXFileReference; lastKnownFileType = sourcecode.swift; path = MovieDetail.swift; sourceTree = "<group>"; };
		48F6391226BD3D0A0063C500 /* Episode.swift */ = {isa = PBXFileReference; lastKnownFileType = sourcecode.swift; path = Episode.swift; sourceTree = "<group>"; };
/* End PBXFileReference section */

/* Begin PBXFrameworksBuildPhase section */
		482A68FA2572FFFA00EF2363 /* Frameworks */ = {
			isa = PBXFrameworksBuildPhase;
			buildActionMask = 2147483647;
			files = (
				BB27670086BB860311C63FD6 /* Pods_Netflix_Clone.framework in Frameworks */,
			);
			runOnlyForDeploymentPostprocessing = 0;
		};
/* End PBXFrameworksBuildPhase section */

/* Begin PBXGroup section */
		15081AE09205BBBDC0A02E2C /* Pods */ = {
			isa = PBXGroup;
			children = (
				114F2CBB399D9336FADD319B /* Pods-Netflix Clone.debug.xcconfig */,
				23FAA38BAA469766A736A2CB /* Pods-Netflix Clone.release.xcconfig */,
			);
			path = Pods;
			sourceTree = "<group>";
		};
		4813327B26BC500B00AEE30C /* View */ = {
			isa = PBXGroup;
			children = (
				486B7E412578483D00ABC58B /* TopPreview */,
				482A6926257304AE00EF2363 /* StandardHomeMovie.swift */,
				482A69152573021500EF2363 /* HomeView.swift */,
				48F6391026BD33C50063C500 /* MovieDetail.swift */,
			);
			path = View;
			sourceTree = "<group>";
		};
		4813327C26BC500F00AEE30C /* ViewModel */ = {
			isa = PBXGroup;
			children = (
				482A69332573084800EF2363 /* HomeVM.swift */,
			);
			path = ViewModel;
			sourceTree = "<group>";
		};
		4813327D26BC501600AEE30C /* Model */ = {
			isa = PBXGroup;
			children = (
				48F6390F26BD337E0063C500 /* Helper */,
				482A69232573046800EF2363 /* Movie.swift */,
				48F6391226BD3D0A0063C500 /* Episode.swift */,
			);
			path = Model;
			sourceTree = "<group>";
		};
		482A68F42572FFFA00EF2363 = {
			isa = PBXGroup;
			children = (
				482A69172573035700EF2363 /* App */,
				482A68FE2572FFFA00EF2363 /* Products */,
				15081AE09205BBBDC0A02E2C /* Pods */,
				F5D76C0206B3DFC6016E5E45 /* Frameworks */,
			);
			sourceTree = "<group>";
		};
		482A68FE2572FFFA00EF2363 /* Products */ = {
			isa = PBXGroup;
			children = (
				482A68FD2572FFFA00EF2363 /* Netflix Clone.app */,
			);
			name = Products;
			sourceTree = "<group>";
		};
		482A69062572FFFB00EF2363 /* Preview Content */ = {
			isa = PBXGroup;
			children = (
				482A69072572FFFB00EF2363 /* Preview Assets.xcassets */,
			);
			path = "Preview Content";
			sourceTree = "<group>";
		};
		482A69102573009400EF2363 /* Shared */ = {
			isa = PBXGroup;
			children = (
				482A69002572FFFA00EF2363 /* Netflix_CloneApp.swift */,
				482A69022572FFFA00EF2363 /* ContentView.swift */,
				482A69042572FFFB00EF2363 /* Assets.xcassets */,
				482A69062572FFFB00EF2363 /* Preview Content */,
			);
			path = Shared;
			sourceTree = "<group>";
		};
		482A69112573009E00EF2363 /* iOS */ = {
			isa = PBXGroup;
			children = (
				482A6937257313F500EF2363 /* Home */,
				482A69092572FFFB00EF2363 /* Info.plist */,
			);
			path = iOS;
			sourceTree = "<group>";
		};
		482A69172573035700EF2363 /* App */ = {
			isa = PBXGroup;
			children = (
				482A69102573009400EF2363 /* Shared */,
				482A69112573009E00EF2363 /* iOS */,
			);
			path = App;
			sourceTree = "<group>";
		};
		482A6937257313F500EF2363 /* Home */ = {
			isa = PBXGroup;
			children = (
				4813327D26BC501600AEE30C /* Model */,
				4813327C26BC500F00AEE30C /* ViewModel */,
				4813327B26BC500B00AEE30C /* View */,
			);
			path = Home;
			sourceTree = "<group>";
		};
		486710A2257AEC64003B6231 /* Components */ = {
			isa = PBXGroup;
			children = (
				486710A3257AEC8C003B6231 /* SmallVerticalButton.swift */,
				4815E8A425A240F200567C42 /* PlayButton.swift */,
				4815E8AD25A256B900567C42 /* AppBar.swift */,
				48C7C06626BD56FA0000A784 /* CustomTabSwitcher.swift */,
			);
			path = Components;
			sourceTree = "<group>";
		};
		486B7E412578483D00ABC58B /* TopPreview */ = {
			isa = PBXGroup;
			children = (
				486710A2257AEC64003B6231 /* Components */,
				486B7E472578486F00ABC58B /* TopMoviePreview.swift */,
			);
			path = TopPreview;
			sourceTree = "<group>";
		};
		48F6390F26BD337E0063C500 /* Helper */ = {
			isa = PBXGroup;
			children = (
				482A69292573050400EF2363 /* GlobalHelper.swift */,
			);
			path = Helper;
			sourceTree = "<group>";
		};
		F5D76C0206B3DFC6016E5E45 /* Frameworks */ = {
			isa = PBXGroup;
			children = (
				4134D8669DC823AA1645B872 /* Pods_Netflix_Clone.framework */,
			);
			name = Frameworks;
			sourceTree = "<group>";
		};
/* End PBXGroup section */

/* Begin PBXNativeTarget section */
		482A68FC2572FFFA00EF2363 /* Netflix Clone */ = {
			isa = PBXNativeTarget;
			buildConfigurationList = 482A690C2572FFFB00EF2363 /* Build configuration list for PBXNativeTarget "Netflix Clone" */;
			buildPhases = (
				44023893EDC1F8D92BFB4231 /* [CP] Check Pods Manifest.lock */,
				482A68F92572FFFA00EF2363 /* Sources */,
				482A68FA2572FFFA00EF2363 /* Frameworks */,
				482A68FB2572FFFA00EF2363 /* Resources */,
				A262E88EF3E239DC3B6248C1 /* [CP] Embed Pods Frameworks */,
			);
			buildRules = (
			);
			dependencies = (
			);
			name = "Netflix Clone";
			productName = "Netflix Clone";
			productReference = 482A68FD2572FFFA00EF2363 /* Netflix Clone.app */;
			productType = "com.apple.product-type.application";
		};
/* End PBXNativeTarget section */

/* Begin PBXProject section */
		482A68F52572FFFA00EF2363 /* Project object */ = {
			isa = PBXProject;
			attributes = {
				LastSwiftUpdateCheck = 1220;
				LastUpgradeCheck = 1220;
				TargetAttributes = {
					482A68FC2572FFFA00EF2363 = {
						CreatedOnToolsVersion = 12.2;
					};
				};
			};
			buildConfigurationList = 482A68F82572FFFA00EF2363 /* Build configuration list for PBXProject "Netflix Clone" */;
			compatibilityVersion = "Xcode 9.3";
			developmentRegion = en;
			hasScannedForEncodings = 0;
			knownRegions = (
				en,
				Base,
			);
			mainGroup = 482A68F42572FFFA00EF2363;
			productRefGroup = 482A68FE2572FFFA00EF2363 /* Products */;
			projectDirPath = "";
			projectRoot = "";
			targets = (
				482A68FC2572FFFA00EF2363 /* Netflix Clone */,
			);
		};
/* End PBXProject section */

/* Begin PBXResourcesBuildPhase section */
		482A68FB2572FFFA00EF2363 /* Resources */ = {
			isa = PBXResourcesBuildPhase;
			buildActionMask = 2147483647;
			files = (
				482A69082572FFFB00EF2363 /* Preview Assets.xcassets in Resources */,
				482A69052572FFFB00EF2363 /* Assets.xcassets in Resources */,
			);
			runOnlyForDeploymentPostprocessing = 0;
		};
/* End PBXResourcesBuildPhase section */

/* Begin PBXShellScriptBuildPhase section */
		44023893EDC1F8D92BFB4231 /* [CP] Check Pods Manifest.lock */ = {
			isa = PBXShellScriptBuildPhase;
			buildActionMask = 2147483647;
			files = (
			);
			inputFileListPaths = (
			);
			inputPaths = (
				"${PODS_PODFILE_DIR_PATH}/Podfile.lock",
				"${PODS_ROOT}/Manifest.lock",
			);
			name = "[CP] Check Pods Manifest.lock";
			outputFileListPaths = (
			);
			outputPaths = (
				"$(DERIVED_FILE_DIR)/Pods-Netflix Clone-checkManifestLockResult.txt",
			);
			runOnlyForDeploymentPostprocessing = 0;
			shellPath = /bin/sh;
			shellScript = "diff \"${PODS_PODFILE_DIR_PATH}/Podfile.lock\" \"${PODS_ROOT}/Manifest.lock\" > /dev/null\nif [ $? != 0 ] ; then\n    # print error to STDERR\n    echo \"error: The sandbox is not in sync with the Podfile.lock. Run 'pod install' or update your CocoaPods installation.\" >&2\n    exit 1\nfi\n# This output is used by Xcode 'outputs' to avoid re-running this script phase.\necho \"SUCCESS\" > \"${SCRIPT_OUTPUT_FILE_0}\"\n";
			showEnvVarsInLog = 0;
		};
		A262E88EF3E239DC3B6248C1 /* [CP] Embed Pods Frameworks */ = {
			isa = PBXShellScriptBuildPhase;
			buildActionMask = 2147483647;
			files = (
			);
			inputFileListPaths = (
				"${PODS_ROOT}/Target Support Files/Pods-Netflix Clone/Pods-Netflix Clone-frameworks-${CONFIGURATION}-input-files.xcfilelist",
			);
			name = "[CP] Embed Pods Frameworks";
			outputFileListPaths = (
				"${PODS_ROOT}/Target Support Files/Pods-Netflix Clone/Pods-Netflix Clone-frameworks-${CONFIGURATION}-output-files.xcfilelist",
			);
			runOnlyForDeploymentPostprocessing = 0;
			shellPath = /bin/sh;
			shellScript = "\"${PODS_ROOT}/Target Support Files/Pods-Netflix Clone/Pods-Netflix Clone-frameworks.sh\"\n";
			showEnvVarsInLog = 0;
		};
/* End PBXShellScriptBuildPhase section */

/* Begin PBXSourcesBuildPhase section */
		482A68F92572FFFA00EF2363 /* Sources */ = {
			isa = PBXSourcesBuildPhase;
			buildActionMask = 2147483647;
			files = (
				482A692A2573050400EF2363 /* GlobalHelper.swift in Sources */,
				4815E8AE25A256B900567C42 /* AppBar.swift in Sources */,
				4815E8A525A240F200567C42 /* PlayButton.swift in Sources */,
				48F6391126BD33C50063C500 /* MovieDetail.swift in Sources */,
				486710A4257AEC8C003B6231 /* SmallVerticalButton.swift in Sources */,
				486B7E482578486F00ABC58B /* TopMoviePreview.swift in Sources */,
				482A691B257303E700EF2363 /* HomeView.swift in Sources */,
				48F6391326BD3D0A0063C500 /* Episode.swift in Sources */,
				482A69342573084800EF2363 /* HomeVM.swift in Sources */,
				48C7C06726BD56FA0000A784 /* CustomTabSwitcher.swift in Sources */,
				482A69032572FFFA00EF2363 /* ContentView.swift in Sources */,
				482A6927257304AE00EF2363 /* StandardHomeMovie.swift in Sources */,
				482A69242573046800EF2363 /* Movie.swift in Sources */,
				482A69012572FFFA00EF2363 /* Netflix_CloneApp.swift in Sources */,
			);
			runOnlyForDeploymentPostprocessing = 0;
		};
/* End PBXSourcesBuildPhase section */

/* Begin XCBuildConfiguration section */
		482A690A2572FFFB00EF2363 /* Debug */ = {
			isa = XCBuildConfiguration;
			buildSettings = {
				ALWAYS_SEARCH_USER_PATHS = NO;
				CLANG_ANALYZER_NONNULL = YES;
				CLANG_ANALYZER_NUMBER_OBJECT_CONVERSION = YES_AGGRESSIVE;
				CLANG_CXX_LANGUAGE_STANDARD = "gnu++14";
				CLANG_CXX_LIBRARY = "libc++";
				CLANG_ENABLE_MODULES = YES;
				CLANG_ENABLE_OBJC_ARC = YES;
				CLANG_ENABLE_OBJC_WEAK = YES;
				CLANG_WARN_BLOCK_CAPTURE_AUTORELEASING = YES;
				CLANG_WARN_BOOL_CONVERSION = YES;
				CLANG_WARN_COMMA = YES;
				CLANG_WARN_CONSTANT_CONVERSION = YES;
				CLANG_WARN_DEPRECATED_OBJC_IMPLEMENTATIONS = YES;
				CLANG_WARN_DIRECT_OBJC_ISA_USAGE = YES_ERROR;
				CLANG_WARN_DOCUMENTATION_COMMENTS = YES;
				CLANG_WARN_EMPTY_BODY = YES;
				CLANG_WARN_ENUM_CONVERSION = YES;
				CLANG_WARN_INFINITE_RECURSION = YES;
				CLANG_WARN_INT_CONVERSION = YES;
				CLANG_WARN_NON_LITERAL_NULL_CONVERSION = YES;
				CLANG_WARN_OBJC_IMPLICIT_RETAIN_SELF = YES;
				CLANG_WARN_OBJC_LITERAL_CONVERSION = YES;
				CLANG_WARN_OBJC_ROOT_CLASS = YES_ERROR;
				CLANG_WARN_QUOTED_INCLUDE_IN_FRAMEWORK_HEADER = YES;
				CLANG_WARN_RANGE_LOOP_ANALYSIS = YES;
				CLANG_WARN_STRICT_PROTOTYPES = YES;
				CLANG_WARN_SUSPICIOUS_MOVE = YES;
				CLANG_WARN_UNGUARDED_AVAILABILITY = YES_AGGRESSIVE;
				CLANG_WARN_UNREACHABLE_CODE = YES;
				CLANG_WARN__DUPLICATE_METHOD_MATCH = YES;
				COPY_PHASE_STRIP = NO;
				DEBUG_INFORMATION_FORMAT = dwarf;
				ENABLE_STRICT_OBJC_MSGSEND = YES;
				ENABLE_TESTABILITY = YES;
				GCC_C_LANGUAGE_STANDARD = gnu11;
				GCC_DYNAMIC_NO_PIC = NO;
				GCC_NO_COMMON_BLOCKS = YES;
				GCC_OPTIMIZATION_LEVEL = 0;
				GCC_PREPROCESSOR_DEFINITIONS = (
					"DEBUG=1",
					"$(inherited)",
				);
				GCC_WARN_64_TO_32_BIT_CONVERSION = YES;
				GCC_WARN_ABOUT_RETURN_TYPE = YES_ERROR;
				GCC_WARN_UNDECLARED_SELECTOR = YES;
				GCC_WARN_UNINITIALIZED_AUTOS = YES_AGGRESSIVE;
				GCC_WARN_UNUSED_FUNCTION = YES;
				GCC_WARN_UNUSED_VARIABLE = YES;
				IPHONEOS_DEPLOYMENT_TARGET = 14.2;
				MTL_ENABLE_DEBUG_INFO = INCLUDE_SOURCE;
				MTL_FAST_MATH = YES;
				ONLY_ACTIVE_ARCH = YES;
				SDKROOT = iphoneos;
				SWIFT_ACTIVE_COMPILATION_CONDITIONS = DEBUG;
				SWIFT_OPTIMIZATION_LEVEL = "-Onone";
			};
			name = Debug;
		};
		482A690B2572FFFB00EF2363 /* Release */ = {
			isa = XCBuildConfiguration;
			buildSettings = {
				ALWAYS_SEARCH_USER_PATHS = NO;
				CLANG_ANALYZER_NONNULL = YES;
				CLANG_ANALYZER_NUMBER_OBJECT_CONVERSION = YES_AGGRESSIVE;
				CLANG_CXX_LANGUAGE_STANDARD = "gnu++14";
				CLANG_CXX_LIBRARY = "libc++";
				CLANG_ENABLE_MODULES = YES;
				CLANG_ENABLE_OBJC_ARC = YES;
				CLANG_ENABLE_OBJC_WEAK = YES;
				CLANG_WARN_BLOCK_CAPTURE_AUTORELEASING = YES;
				CLANG_WARN_BOOL_CONVERSION = YES;
				CLANG_WARN_COMMA = YES;
				CLANG_WARN_CONSTANT_CONVERSION = YES;
				CLANG_WARN_DEPRECATED_OBJC_IMPLEMENTATIONS = YES;
				CLANG_WARN_DIRECT_OBJC_ISA_USAGE = YES_ERROR;
				CLANG_WARN_DOCUMENTATION_COMMENTS = YES;
				CLANG_WARN_EMPTY_BODY = YES;
				CLANG_WARN_ENUM_CONVERSION = YES;
				CLANG_WARN_INFINITE_RECURSION = YES;
				CLANG_WARN_INT_CONVERSION = YES;
				CLANG_WARN_NON_LITERAL_NULL_CONVERSION = YES;
				CLANG_WARN_OBJC_IMPLICIT_RETAIN_SELF = YES;
				CLANG_WARN_OBJC_LITERAL_CONVERSION = YES;
				CLANG_WARN_OBJC_ROOT_CLASS = YES_ERROR;
				CLANG_WARN_QUOTED_INCLUDE_IN_FRAMEWORK_HEADER = YES;
				CLANG_WARN_RANGE_LOOP_ANALYSIS = YES;
				CLANG_WARN_STRICT_PROTOTYPES = YES;
				CLANG_WARN_SUSPICIOUS_MOVE = YES;
				CLANG_WARN_UNGUARDED_AVAILABILITY = YES_AGGRESSIVE;
				CLANG_WARN_UNREACHABLE_CODE = YES;
				CLANG_WARN__DUPLICATE_METHOD_MATCH = YES;
				COPY_PHASE_STRIP = NO;
				DEBUG_INFORMATION_FORMAT = "dwarf-with-dsym";
				ENABLE_NS_ASSERTIONS = NO;
				ENABLE_STRICT_OBJC_MSGSEND = YES;
				GCC_C_LANGUAGE_STANDARD = gnu11;
				GCC_NO_COMMON_BLOCKS = YES;
				GCC_WARN_64_TO_32_BIT_CONVERSION = YES;
				GCC_WARN_ABOUT_RETURN_TYPE = YES_ERROR;
				GCC_WARN_UNDECLARED_SELECTOR = YES;
				GCC_WARN_UNINITIALIZED_AUTOS = YES_AGGRESSIVE;
				GCC_WARN_UNUSED_FUNCTION = YES;
				GCC_WARN_UNUSED_VARIABLE = YES;
				IPHONEOS_DEPLOYMENT_TARGET = 14.2;
				MTL_ENABLE_DEBUG_INFO = NO;
				MTL_FAST_MATH = YES;
				SDKROOT = iphoneos;
				SWIFT_COMPILATION_MODE = wholemodule;
				SWIFT_OPTIMIZATION_LEVEL = "-O";
				VALIDATE_PRODUCT = YES;
			};
			name = Release;
		};
		482A690D2572FFFB00EF2363 /* Debug */ = {
			isa = XCBuildConfiguration;
			baseConfigurationReference = 114F2CBB399D9336FADD319B /* Pods-Netflix Clone.debug.xcconfig */;
			buildSettings = {
				ASSETCATALOG_COMPILER_APPICON_NAME = AppIcon;
				ASSETCATALOG_COMPILER_GLOBAL_ACCENT_COLOR_NAME = AccentColor;
				CODE_SIGN_STYLE = Automatic;
				DEVELOPMENT_ASSET_PATHS = "\"App/Shared/Preview Content\"";
				DEVELOPMENT_TEAM = A38N993DD8;
				ENABLE_PREVIEWS = YES;
				INFOPLIST_FILE = App/iOS/Info.plist;
				IPHONEOS_DEPLOYMENT_TARGET = 14.0;
				LD_RUNPATH_SEARCH_PATHS = (
					"$(inherited)",
					"@executable_path/Frameworks",
				);
				PRODUCT_BUNDLE_IDENTIFIER = "com.paolodellaquila.Netflix-Clone";
				PRODUCT_NAME = "$(TARGET_NAME)";
				SWIFT_VERSION = 5.0;
				TARGETED_DEVICE_FAMILY = "1,2";
			};
			name = Debug;
		};
		482A690E2572FFFB00EF2363 /* Release */ = {
			isa = XCBuildConfiguration;
			baseConfigurationReference = 23FAA38BAA469766A736A2CB /* Pods-Netflix Clone.release.xcconfig */;
			buildSettings = {
				ASSETCATALOG_COMPILER_APPICON_NAME = AppIcon;
				ASSETCATALOG_COMPILER_GLOBAL_ACCENT_COLOR_NAME = AccentColor;
				CODE_SIGN_STYLE = Automatic;
				DEVELOPMENT_ASSET_PATHS = "\"App/Shared/Preview Content\"";
				DEVELOPMENT_TEAM = A38N993DD8;
				ENABLE_PREVIEWS = YES;
				INFOPLIST_FILE = App/iOS/Info.plist;
				IPHONEOS_DEPLOYMENT_TARGET = 14.0;
				LD_RUNPATH_SEARCH_PATHS = (
					"$(inherited)",
					"@executable_path/Frameworks",
				);
				PRODUCT_BUNDLE_IDENTIFIER = "com.paolodellaquila.Netflix-Clone";
				PRODUCT_NAME = "$(TARGET_NAME)";
				SWIFT_VERSION = 5.0;
				TARGETED_DEVICE_FAMILY = "1,2";
			};
			name = Release;
		};
/* End XCBuildConfiguration section */

/* Begin XCConfigurationList section */
		482A68F82572FFFA00EF2363 /* Build configuration list for PBXProject "Netflix Clone" */ = {
			isa = XCConfigurationList;
			buildConfigurations = (
				482A690A2572FFFB00EF2363 /* Debug */,
				482A690B2572FFFB00EF2363 /* Release */,
			);
			defaultConfigurationIsVisible = 0;
			defaultConfigurationName = Release;
		};
		482A690C2572FFFB00EF2363 /* Build configuration list for PBXNativeTarget "Netflix Clone" */ = {
			isa = XCConfigurationList;
			buildConfigurations = (
				482A690D2572FFFB00EF2363 /* Debug */,
				482A690E2572FFFB00EF2363 /* Release */,
			);
			defaultConfigurationIsVisible = 0;
			defaultConfigurationName = Release;
		};
/* End XCConfigurationList section */
	};
	rootObject = 482A68F52572FFFA00EF2363 /* Project object */;
}
